
Microsoft Visual Studio Solution File, Format Version 12.00
# Visual Studio Version 17
VisualStudioVersion = 17.3.32901.215
MinimumVisualStudioVersion = 10.0.40219.1
Project("{FAE04EC0-301F-11D3-BF4B-00C04F79EFBC}") = "PrimeNumberSqrt", "PrimeNumberSqrt\PrimeNumberSqrt.csproj", "{D47712B2-B104-4479-8678-72B9B23E1ADD}"
EndProject
Global
	GlobalSection(SolutionConfigurationPlatforms) = preSolution
		Debug|Any CPU = Debug|Any CPU
		Release|Any CPU = Release|Any CPU
	EndGlobalSection
	GlobalSection(ProjectConfigurationPlatforms) = postSolution
		{D47712B2-B104-4479-8678-72B9B23E1ADD}.Debug|Any CPU.ActiveCfg = Debug|Any CPU
		{D47712B2-B104-4479-8678-72B9B23E1ADD}.Debug|Any CPU.Build.0 = Debug|Any CPU
		{D47712B2-B104-4479-8678-72B9B23E1ADD}.Release|Any CPU.ActiveCfg = Release|Any CPU
		{D47712B2-B104-4479-8678-72B9B23E1ADD}.Release|Any CPU.Build.0 = Release|Any CPU
	EndGlobalSection
	GlobalSection(SolutionProperties) = preSolution
		HideSolutionNode = FALSE
	EndGlobalSection
	GlobalSection(ExtensibilityGlobals) = postSolution
		SolutionGuid = {F7911DE5-99E6-487A-A52F-A3291348CF5C}
	EndGlobalSection
EndGlobal
